
Microsoft Visual Studio Solution File, Format Version 12.00
# Visual Studio Version 17
VisualStudioVersion = 17.13.35919.96
MinimumVisualStudioVersion = 10.0.40219.1
Project("{FAE04EC0-301F-11D3-BF4B-00C04F79EFBC}") = "EuclidEA", "EuclidEA\EuclidEA.csproj", "{7AFF34EA-249E-4657-B047-5792C1FB0859}"
EndProject
Project("{FAE04EC0-301F-11D3-BF4B-00C04F79EFBC}") = "Egami.Rhythm", "Egami.Rhythm\Egami.Rhythm.csproj", "{839E9B8A-5979-4AE6-8E6F-D1DA8B676D3B}"
EndProject
Project("{FAE04EC0-301F-11D3-BF4B-00C04F79EFBC}") = "Egami.Rhythm.Tests", "Egami.Rhythm.Tests\Egami.Rhythm.Tests.csproj", "{47D9DC84-033D-4F15-BAB4-9A6AB6EA9F0B}"
EndProject
Project("{FAE04EC0-301F-11D3-BF4B-00C04F79EFBC}") = "Egami.Rhythm.EA", "Egami.Rhythm.EA\Egami.Rhythm.EA.csproj", "{AEA750CF-3EC7-4186-8E3A-295E5076A907}"
EndProject
Project("{FAE04EC0-301F-11D3-BF4B-00C04F79EFBC}") = "Egami.Pitch", "Egami.Pitch\Egami.Pitch.csproj", "{293EB33B-BB9C-44F4-B292-98FF98BEAB9D}"
EndProject
Project("{FAE04EC0-301F-11D3-BF4B-00C04F79EFBC}") = "Egami.Rhythm.Midi", "Egami.Rhythm.Midi\Egami.Rhythm.Midi.csproj", "{844974C7-A9E8-4212-9120-1EC6F017069E}"
EndProject
Project("{FAE04EC0-301F-11D3-BF4B-00C04F79EFBC}") = "Egami.EA.Metrics", "Egami.EA.Metrics\Egami.EA.Metrics.csproj", "{18EFD6E8-4911-4438-B55E-73B1E107623A}"
EndProject
Project("{FAE04EC0-301F-11D3-BF4B-00C04F79EFBC}") = "StepMutator", "StepMutator\StepMutator.csproj", "{60F0B194-AD68-4B40-9652-FCF6A0823F82}"
EndProject
Project("{FAE04EC0-301F-11D3-BF4B-00C04F79EFBC}") = "Egami.Sequencer.UI", "Egami.Sequencer.UI\Egami.Sequencer.UI.csproj", "{3926334B-4245-41DE-8BA5-8F4F09F52794}"
EndProject
Project("{FAE04EC0-301F-11D3-BF4B-00C04F79EFBC}") = "ImageSequencer", "ImageSequencer\ImageSequencer.csproj", "{CC1032B0-9371-4B22-980D-296C52B3E5B2}"
EndProject
Project("{2150E333-8FDC-42A3-9474-1A3956D46DE8}") = "Core", "Core", "{02EA681E-C7D8-13C7-8484-4AC65E1B71E8}"
EndProject
Project("{2150E333-8FDC-42A3-9474-1A3956D46DE8}") = "UI", "UI", "{9E0DB7C1-0D9F-4C97-BB0E-BF1FBEB579DE}"
EndProject
Project("{2150E333-8FDC-42A3-9474-1A3956D46DE8}") = "Tests", "Tests", "{C948272A-CE39-4F18-A928-8231765542F4}"
EndProject
Project("{FAE04EC0-301F-11D3-BF4B-00C04F79EFBC}") = "Egami.Imaging", "Egami.Imaging\Egami.Imaging.csproj", "{2A1F717F-C05E-4E23-A00D-33B3DD22B9FF}"
EndProject
Project("{FAE04EC0-301F-11D3-BF4B-00C04F79EFBC}") = "EnvironmentalSequencer", "EnvironmentalSequencer\EnvironmentalSequencer.csproj", "{18128FBF-BC9E-451A-8675-49259A6A8AC8}"
EndProject
Project("{FAE04EC0-301F-11D3-BF4B-00C04F79EFBC}") = "FourierSequencer", "FourierSequencer\FourierSequencer.csproj", "{1C953FEB-E76D-4EA1-9C51-8E2C93EFDC70}"
EndProject
Project("{FAE04EC0-301F-11D3-BF4B-00C04F79EFBC}") = "TextSequencer", "TextSequencer\TextSequencer.csproj", "{82266B72-1A3E-4B45-886B-49B12A1511CF}"
EndProject
Project("{FAE04EC0-301F-11D3-BF4B-00C04F79EFBC}") = "Egami.Sequencer", "Egami.Sequencer\Egami.Sequencer.csproj", "{BB149695-D144-45EB-958D-A0C5856824CE}"
EndProject
Project("{FAE04EC0-301F-11D3-BF4B-00C04F79EFBC}") = "Egami.Sequencer.Tests", "Egami.Sequencer.Tests\Egami.Sequencer.Tests.csproj", "{D6DE0E09-BCF6-457D-B0E4-38199208EC60}"
EndProject
Project("{FAE04EC0-301F-11D3-BF4B-00C04F79EFBC}") = "ChemSequencer", "ChemSequencer\ChemSequencer.csproj", "{CEED183C-711F-41A6-A060-D1CAB73E0BB9}"
EndProject
Project("{FAE04EC0-301F-11D3-BF4B-00C04F79EFBC}") = "Egami.Chemistry", "Egami.Chemistry\Egami.Chemistry.csproj", "{444E4798-37EE-42D0-82FA-81454F358511}"
EndProject
Project("{FAE04EC0-301F-11D3-BF4B-00C04F79EFBC}") = "Blattwerk", "Blattwerk\Blattwerk.csproj", "{974D4F38-F41F-4358-99B8-C88F60940120}"
EndProject
Global
	GlobalSection(SolutionConfigurationPlatforms) = preSolution
		Debug|Any CPU = Debug|Any CPU
		Release|Any CPU = Release|Any CPU
	EndGlobalSection
	GlobalSection(ProjectConfigurationPlatforms) = postSolution
		{7AFF34EA-249E-4657-B047-5792C1FB0859}.Debug|Any CPU.ActiveCfg = Debug|Any CPU
		{7AFF34EA-249E-4657-B047-5792C1FB0859}.Debug|Any CPU.Build.0 = Debug|Any CPU
		{7AFF34EA-249E-4657-B047-5792C1FB0859}.Release|Any CPU.ActiveCfg = Release|Any CPU
		{7AFF34EA-249E-4657-B047-5792C1FB0859}.Release|Any CPU.Build.0 = Release|Any CPU
		{839E9B8A-5979-4AE6-8E6F-D1DA8B676D3B}.Debug|Any CPU.ActiveCfg = Debug|Any CPU
		{839E9B8A-5979-4AE6-8E6F-D1DA8B676D3B}.Debug|Any CPU.Build.0 = Debug|Any CPU
		{839E9B8A-5979-4AE6-8E6F-D1DA8B676D3B}.Release|Any CPU.ActiveCfg = Release|Any CPU
		{839E9B8A-5979-4AE6-8E6F-D1DA8B676D3B}.Release|Any CPU.Build.0 = Release|Any CPU
		{47D9DC84-033D-4F15-BAB4-9A6AB6EA9F0B}.Debug|Any CPU.ActiveCfg = Debug|Any CPU
		{47D9DC84-033D-4F15-BAB4-9A6AB6EA9F0B}.Debug|Any CPU.Build.0 = Debug|Any CPU
		{47D9DC84-033D-4F15-BAB4-9A6AB6EA9F0B}.Release|Any CPU.ActiveCfg = Release|Any CPU
		{47D9DC84-033D-4F15-BAB4-9A6AB6EA9F0B}.Release|Any CPU.Build.0 = Release|Any CPU
		{AEA750CF-3EC7-4186-8E3A-295E5076A907}.Debug|Any CPU.ActiveCfg = Debug|Any CPU
		{AEA750CF-3EC7-4186-8E3A-295E5076A907}.Debug|Any CPU.Build.0 = Debug|Any CPU
		{AEA750CF-3EC7-4186-8E3A-295E5076A907}.Release|Any CPU.ActiveCfg = Release|Any CPU
		{AEA750CF-3EC7-4186-8E3A-295E5076A907}.Release|Any CPU.Build.0 = Release|Any CPU
		{293EB33B-BB9C-44F4-B292-98FF98BEAB9D}.Debug|Any CPU.ActiveCfg = Debug|Any CPU
		{293EB33B-BB9C-44F4-B292-98FF98BEAB9D}.Debug|Any CPU.Build.0 = Debug|Any CPU
		{293EB33B-BB9C-44F4-B292-98FF98BEAB9D}.Release|Any CPU.ActiveCfg = Release|Any CPU
		{293EB33B-BB9C-44F4-B292-98FF98BEAB9D}.Release|Any CPU.Build.0 = Release|Any CPU
		{844974C7-A9E8-4212-9120-1EC6F017069E}.Debug|Any CPU.ActiveCfg = Debug|Any CPU
		{844974C7-A9E8-4212-9120-1EC6F017069E}.Debug|Any CPU.Build.0 = Debug|Any CPU
		{844974C7-A9E8-4212-9120-1EC6F017069E}.Release|Any CPU.ActiveCfg = Release|Any CPU
		{844974C7-A9E8-4212-9120-1EC6F017069E}.Release|Any CPU.Build.0 = Release|Any CPU
		{18EFD6E8-4911-4438-B55E-73B1E107623A}.Debug|Any CPU.ActiveCfg = Debug|Any CPU
		{18EFD6E8-4911-4438-B55E-73B1E107623A}.Debug|Any CPU.Build.0 = Debug|Any CPU
		{18EFD6E8-4911-4438-B55E-73B1E107623A}.Release|Any CPU.ActiveCfg = Release|Any CPU
		{18EFD6E8-4911-4438-B55E-73B1E107623A}.Release|Any CPU.Build.0 = Release|Any CPU
		{60F0B194-AD68-4B40-9652-FCF6A0823F82}.Debug|Any CPU.ActiveCfg = Debug|Any CPU
		{60F0B194-AD68-4B40-9652-FCF6A0823F82}.Debug|Any CPU.Build.0 = Debug|Any CPU
		{60F0B194-AD68-4B40-9652-FCF6A0823F82}.Release|Any CPU.ActiveCfg = Release|Any CPU
		{60F0B194-AD68-4B40-9652-FCF6A0823F82}.Release|Any CPU.Build.0 = Release|Any CPU
		{3926334B-4245-41DE-8BA5-8F4F09F52794}.Debug|Any CPU.ActiveCfg = Debug|Any CPU
		{3926334B-4245-41DE-8BA5-8F4F09F52794}.Debug|Any CPU.Build.0 = Debug|Any CPU
		{3926334B-4245-41DE-8BA5-8F4F09F52794}.Release|Any CPU.ActiveCfg = Release|Any CPU
		{3926334B-4245-41DE-8BA5-8F4F09F52794}.Release|Any CPU.Build.0 = Release|Any CPU
		{CC1032B0-9371-4B22-980D-296C52B3E5B2}.Debug|Any CPU.ActiveCfg = Debug|Any CPU
		{CC1032B0-9371-4B22-980D-296C52B3E5B2}.Debug|Any CPU.Build.0 = Debug|Any CPU
		{CC1032B0-9371-4B22-980D-296C52B3E5B2}.Release|Any CPU.ActiveCfg = Release|Any CPU
		{CC1032B0-9371-4B22-980D-296C52B3E5B2}.Release|Any CPU.Build.0 = Release|Any CPU
		{2A1F717F-C05E-4E23-A00D-33B3DD22B9FF}.Debug|Any CPU.ActiveCfg = Debug|Any CPU
		{2A1F717F-C05E-4E23-A00D-33B3DD22B9FF}.Debug|Any CPU.Build.0 = Debug|Any CPU
		{2A1F717F-C05E-4E23-A00D-33B3DD22B9FF}.Release|Any CPU.ActiveCfg = Release|Any CPU
		{2A1F717F-C05E-4E23-A00D-33B3DD22B9FF}.Release|Any CPU.Build.0 = Release|Any CPU
		{18128FBF-BC9E-451A-8675-49259A6A8AC8}.Debug|Any CPU.ActiveCfg = Debug|Any CPU
		{18128FBF-BC9E-451A-8675-49259A6A8AC8}.Debug|Any CPU.Build.0 = Debug|Any CPU
		{18128FBF-BC9E-451A-8675-49259A6A8AC8}.Release|Any CPU.ActiveCfg = Release|Any CPU
		{18128FBF-BC9E-451A-8675-49259A6A8AC8}.Release|Any CPU.Build.0 = Release|Any CPU
		{1C953FEB-E76D-4EA1-9C51-8E2C93EFDC70}.Debug|Any CPU.ActiveCfg = Debug|Any CPU
		{1C953FEB-E76D-4EA1-9C51-8E2C93EFDC70}.Debug|Any CPU.Build.0 = Debug|Any CPU
		{1C953FEB-E76D-4EA1-9C51-8E2C93EFDC70}.Release|Any CPU.ActiveCfg = Release|Any CPU
		{1C953FEB-E76D-4EA1-9C51-8E2C93EFDC70}.Release|Any CPU.Build.0 = Release|Any CPU
		{82266B72-1A3E-4B45-886B-49B12A1511CF}.Debug|Any CPU.ActiveCfg = Debug|Any CPU
		{82266B72-1A3E-4B45-886B-49B12A1511CF}.Debug|Any CPU.Build.0 = Debug|Any CPU
		{82266B72-1A3E-4B45-886B-49B12A1511CF}.Release|Any CPU.ActiveCfg = Release|Any CPU
		{82266B72-1A3E-4B45-886B-49B12A1511CF}.Release|Any CPU.Build.0 = Release|Any CPU
		{BB149695-D144-45EB-958D-A0C5856824CE}.Debug|Any CPU.ActiveCfg = Debug|Any CPU
		{BB149695-D144-45EB-958D-A0C5856824CE}.Debug|Any CPU.Build.0 = Debug|Any CPU
		{BB149695-D144-45EB-958D-A0C5856824CE}.Release|Any CPU.ActiveCfg = Release|Any CPU
		{BB149695-D144-45EB-958D-A0C5856824CE}.Release|Any CPU.Build.0 = Release|Any CPU
		{D6DE0E09-BCF6-457D-B0E4-38199208EC60}.Debug|Any CPU.ActiveCfg = Debug|Any CPU
		{D6DE0E09-BCF6-457D-B0E4-38199208EC60}.Debug|Any CPU.Build.0 = Debug|Any CPU
		{D6DE0E09-BCF6-457D-B0E4-38199208EC60}.Release|Any CPU.ActiveCfg = Release|Any CPU
		{D6DE0E09-BCF6-457D-B0E4-38199208EC60}.Release|Any CPU.Build.0 = Release|Any CPU
		{CEED183C-711F-41A6-A060-D1CAB73E0BB9}.Debug|Any CPU.ActiveCfg = Debug|Any CPU
		{CEED183C-711F-41A6-A060-D1CAB73E0BB9}.Debug|Any CPU.Build.0 = Debug|Any CPU
		{CEED183C-711F-41A6-A060-D1CAB73E0BB9}.Release|Any CPU.ActiveCfg = Release|Any CPU
		{CEED183C-711F-41A6-A060-D1CAB73E0BB9}.Release|Any CPU.Build.0 = Release|Any CPU
		{444E4798-37EE-42D0-82FA-81454F358511}.Debug|Any CPU.ActiveCfg = Debug|Any CPU
		{444E4798-37EE-42D0-82FA-81454F358511}.Debug|Any CPU.Build.0 = Debug|Any CPU
		{444E4798-37EE-42D0-82FA-81454F358511}.Release|Any CPU.ActiveCfg = Release|Any CPU
		{444E4798-37EE-42D0-82FA-81454F358511}.Release|Any CPU.Build.0 = Release|Any CPU
		{974D4F38-F41F-4358-99B8-C88F60940120}.Debug|Any CPU.ActiveCfg = Debug|Any CPU
		{974D4F38-F41F-4358-99B8-C88F60940120}.Debug|Any CPU.Build.0 = Debug|Any CPU
		{974D4F38-F41F-4358-99B8-C88F60940120}.Release|Any CPU.ActiveCfg = Release|Any CPU
		{974D4F38-F41F-4358-99B8-C88F60940120}.Release|Any CPU.Build.0 = Release|Any CPU
	EndGlobalSection
	GlobalSection(SolutionProperties) = preSolution
		HideSolutionNode = FALSE
	EndGlobalSection
	GlobalSection(NestedProjects) = preSolution
		{839E9B8A-5979-4AE6-8E6F-D1DA8B676D3B} = {02EA681E-C7D8-13C7-8484-4AC65E1B71E8}
		{47D9DC84-033D-4F15-BAB4-9A6AB6EA9F0B} = {C948272A-CE39-4F18-A928-8231765542F4}
		{AEA750CF-3EC7-4186-8E3A-295E5076A907} = {02EA681E-C7D8-13C7-8484-4AC65E1B71E8}
		{293EB33B-BB9C-44F4-B292-98FF98BEAB9D} = {02EA681E-C7D8-13C7-8484-4AC65E1B71E8}
		{844974C7-A9E8-4212-9120-1EC6F017069E} = {02EA681E-C7D8-13C7-8484-4AC65E1B71E8}
		{18EFD6E8-4911-4438-B55E-73B1E107623A} = {02EA681E-C7D8-13C7-8484-4AC65E1B71E8}
		{3926334B-4245-41DE-8BA5-8F4F09F52794} = {9E0DB7C1-0D9F-4C97-BB0E-BF1FBEB579DE}
		{2A1F717F-C05E-4E23-A00D-33B3DD22B9FF} = {02EA681E-C7D8-13C7-8484-4AC65E1B71E8}
		{BB149695-D144-45EB-958D-A0C5856824CE} = {02EA681E-C7D8-13C7-8484-4AC65E1B71E8}
		{D6DE0E09-BCF6-457D-B0E4-38199208EC60} = {C948272A-CE39-4F18-A928-8231765542F4}
		{444E4798-37EE-42D0-82FA-81454F358511} = {02EA681E-C7D8-13C7-8484-4AC65E1B71E8}
	EndGlobalSection
	GlobalSection(ExtensibilityGlobals) = postSolution
		SolutionGuid = {D199AA20-FA31-4B7A-8FC8-FB361738EFB5}
	EndGlobalSection
EndGlobal
